
Microsoft Visual Studio Solution File, Format Version 12.00
# Visual Studio Version 17
VisualStudioVersion = 17.9.34902.65
MinimumVisualStudioVersion = 10.0.40219.1
Project("{FAE04EC0-301F-11D3-BF4B-00C04F79EFBC}") = "FinalTestCases", "FinalTestCases\FinalTestCases.csproj", "{CF578BB6-C359-4380-A39F-CB9DAB9E103D}"
EndProject
Global
	GlobalSection(SolutionConfigurationPlatforms) = preSolution
		Debug|Any CPU = Debug|Any CPU
		Release|Any CPU = Release|Any CPU
	EndGlobalSection
	GlobalSection(ProjectConfigurationPlatforms) = postSolution
		{CF578BB6-C359-4380-A39F-CB9DAB9E103D}.Debug|Any CPU.ActiveCfg = Debug|Any CPU
		{CF578BB6-C359-4380-A39F-CB9DAB9E103D}.Debug|Any CPU.Build.0 = Debug|Any CPU
		{CF578BB6-C359-4380-A39F-CB9DAB9E103D}.Release|Any CPU.ActiveCfg = Release|Any CPU
		{CF578BB6-C359-4380-A39F-CB9DAB9E103D}.Release|Any CPU.Build.0 = Release|Any CPU
	EndGlobalSection
	GlobalSection(SolutionProperties) = preSolution
		HideSolutionNode = FALSE
	EndGlobalSection
	GlobalSection(ExtensibilityGlobals) = postSolution
		SolutionGuid = {723CC386-F63C-41E0-9594-8A497F8FB82A}
	EndGlobalSection
EndGlobal
